
Microsoft Visual Studio Solution File, Format Version 12.00
# Visual Studio Version 16
VisualStudioVersion = 16.0.31624.102
MinimumVisualStudioVersion = 10.0.40219.1
Project("{9A19103F-16F7-4668-BE54-9A1E7A4F7556}") = "PE_SE1506", "PE_SE1506\PE_SE1506.csproj", "{4237CF1E-83B2-4432-8740-D45F3F7A9A9C}"
EndProject
Project("{FAE04EC0-301F-11D3-BF4B-00C04F79EFBC}") = "Q1_SE1506", "Q1_SE1506\Q1_SE1506.csproj", "{A09E09D1-4E3A-421B-9E5B-7174160D0223}"
EndProject
Global
	GlobalSection(SolutionConfigurationPlatforms) = preSolution
		Debug|Any CPU = Debug|Any CPU
		Release|Any CPU = Release|Any CPU
	EndGlobalSection
	GlobalSection(ProjectConfigurationPlatforms) = postSolution
		{4237CF1E-83B2-4432-8740-D45F3F7A9A9C}.Debug|Any CPU.ActiveCfg = Debug|Any CPU
		{4237CF1E-83B2-4432-8740-D45F3F7A9A9C}.Debug|Any CPU.Build.0 = Debug|Any CPU
		{4237CF1E-83B2-4432-8740-D45F3F7A9A9C}.Release|Any CPU.ActiveCfg = Release|Any CPU
		{4237CF1E-83B2-4432-8740-D45F3F7A9A9C}.Release|Any CPU.Build.0 = Release|Any CPU
		{A09E09D1-4E3A-421B-9E5B-7174160D0223}.Debug|Any CPU.ActiveCfg = Debug|Any CPU
		{A09E09D1-4E3A-421B-9E5B-7174160D0223}.Debug|Any CPU.Build.0 = Debug|Any CPU
		{A09E09D1-4E3A-421B-9E5B-7174160D0223}.Release|Any CPU.ActiveCfg = Release|Any CPU
		{A09E09D1-4E3A-421B-9E5B-7174160D0223}.Release|Any CPU.Build.0 = Release|Any CPU
	EndGlobalSection
	GlobalSection(SolutionProperties) = preSolution
		HideSolutionNode = FALSE
	EndGlobalSection
	GlobalSection(ExtensibilityGlobals) = postSolution
		SolutionGuid = {C0C2507C-F992-43F0-B54E-268DDE50F4B0}
	EndGlobalSection
EndGlobal
